{
  "requires": true,
  "lockfileVersion": 1,
  "dependencies": {
    "bindings": {
      "version": "1.2.1",
      "resolved": "https://registry.npmjs.org/bindings/-/bindings-1.2.1.tgz",
      "integrity": "sha1-FK1hE4EtLTfXLme0ystLtyZQXxE="
    },
    "deasync": {
      "version": "0.1.14",
      "resolved": "https://registry.npmjs.org/deasync/-/deasync-0.1.14.tgz",
      "integrity": "sha512-wN8sIuEqIwyQh72AG7oY6YQODCxIp1eXzEZlZznBuwDF8Q03Tdy9QNp1BNZXeadXoklNrw+Ip1fch+KXo/+ASw==",
      "requires": {
        "bindings": "~1.2.1",
        "node-addon-api": "^1.6.0"
      }
    },
    "deasync-promise": {
      "version": "1.0.1",
      "resolved": "https://registry.npmjs.org/deasync-promise/-/deasync-promise-1.0.1.tgz",
      "integrity": "sha1-KyfeR4Fnr07zS6mYecUuwM7dYcI=",
      "requires": {
        "deasync": "^0.1.7"
      }
    },
    "node-addon-api": {
      "version": "1.6.3",
      "resolved": "https://registry.npmjs.org/node-addon-api/-/node-addon-api-1.6.3.tgz",
      "integrity": "sha512-FXWH6mqjWgU8ewuahp4spec8LkroFZK2NicOv6bNwZC3kcwZUI8LeZdG80UzTSLLhK4T7MsgNwlYDVRlDdfTDg=="
    },
    "system-sleep": {
      "version": "1.3.6",
      "resolved": "https://registry.npmjs.org/system-sleep/-/system-sleep-1.3.6.tgz",
      "integrity": "sha512-tBQqFUdmuFQhiXtptJR0Nu+fOL0lGFRML2BD0G02bCCCHAZ09Qmu0M/nPzjJL/qx23zQ7arFMo2/LCvfSsgJZA==",
      "requires": {
        "deasync-promise": "1.0.1"
      }
    }
  }
}
